
Microsoft Visual Studio Solution File, Format Version 12.00
# Visual Studio Version 18
VisualStudioVersion = 18.0.11222.15
MinimumVisualStudioVersion = 10.0.40219.1
Project("{9A19103F-16F7-4668-BE54-9A1E7A4F7556}") = "Sentinel.NLogViewer.Wpf.TestApp", "testapp\Sentinel.NLogViewer.Wpf.TestApp\Sentinel.NLogViewer.Wpf.TestApp.csproj", "{FF15C180-042C-42D9-8687-24F1BEB5F4FB}"
EndProject
Project("{9A19103F-16F7-4668-BE54-9A1E7A4F7556}") = "Sentinel.NLogViewer.Wpf", "ui\Sentinel.NLogViewer.Wpf\Sentinel.NLogViewer.Wpf.csproj", "{D1C5763C-DA9C-43E0-B7EA-DDC9AAA90AE7}"
EndProject
Project("{9A19103F-16F7-4668-BE54-9A1E7A4F7556}") = "Sentinel.NLogViewer.Wpf.MaterialDesign", "ui\Sentinel.NLogViewer.Wpf.MaterialDesign\Sentinel.NLogViewer.Wpf.MaterialDesign.csproj", "{A1B2C3D4-E5F6-7890-ABCD-EF1234567890}"
EndProject
Project("{9A19103F-16F7-4668-BE54-9A1E7A4F7556}") = "Sentinel.NLogViewer.Wpf.MaterialDesign.TestApp", "testapp\Sentinel.NLogViewer.Wpf.MaterialDesign.TestApp\Sentinel.NLogViewer.Wpf.MaterialDesign.TestApp.csproj", "{D1CF3283-A165-477B-A08A-BEBFCD7A7712}"
EndProject
Project("{9A19103F-16F7-4668-BE54-9A1E7A4F7556}") = "Sentinel.NLogViewer.App", "app\Sentinel.NLogViewer.App\Sentinel.NLogViewer.App.csproj", "{B2C3D4E5-F6A7-8901-BCDE-F123456789AB}"
EndProject
Project("{9A19103F-16F7-4668-BE54-9A1E7A4F7556}") = "Sentinel.NLogViewer.App.TestApp", "testapp\Sentinel.NLogViewer.App.TestApp\Sentinel.NLogViewer.App.TestApp.csproj", "{C3D4E5F6-A7B8-9012-CDEF-123456789ABC}"
EndProject
Project("{9A19103F-16F7-4668-BE54-9A1E7A4F7556}") = "Sentinel.NLogViewer.App.Tests", "tests\Sentinel.NLogViewer.App.Tests\Sentinel.NLogViewer.App.Tests.csproj", "{D4E5F6A7-B8C9-0123-DEF1-23456789ABCD}"
EndProject
Project("{2150E333-8FDC-42A3-9474-1A3956D46DE8}") = "Solution Items", "Solution Items", "{2FF9C764-5BB9-4E66-B48B-6B7D746EA817}"
	ProjectSection(SolutionItems) = preProject
		Directory.build.props = Directory.build.props
		GitVersion.yml = GitVersion.yml
	EndProjectSection
EndProject
Project("{2150E333-8FDC-42A3-9474-1A3956D46DE8}") = "ui", "ui", "{02EA681E-C7D8-13C7-8484-4AC65E1B71E8}"
EndProject
Project("{2150E333-8FDC-42A3-9474-1A3956D46DE8}") = "testapp", "testapp", "{9F4FA7B3-9ADD-4601-8EC7-8C9A7BD691C7}"
EndProject
Project("{2150E333-8FDC-42A3-9474-1A3956D46DE8}") = "app", "app", "{A1B2C3D4-E5F6-7890-ABCD-EF1234567891}"
EndProject
Project("{2150E333-8FDC-42A3-9474-1A3956D46DE8}") = "tests", "tests", "{1EBF655C-A427-41E1-8BFC-6A2429B7EF6E}"
EndProject
Global
	GlobalSection(SolutionConfigurationPlatforms) = preSolution
		Debug|Any CPU = Debug|Any CPU
		Release|Any CPU = Release|Any CPU
	EndGlobalSection
	GlobalSection(ProjectConfigurationPlatforms) = postSolution
		{FF15C180-042C-42D9-8687-24F1BEB5F4FB}.Debug|Any CPU.ActiveCfg = Debug|Any CPU
		{FF15C180-042C-42D9-8687-24F1BEB5F4FB}.Debug|Any CPU.Build.0 = Debug|Any CPU
		{FF15C180-042C-42D9-8687-24F1BEB5F4FB}.Release|Any CPU.ActiveCfg = Release|Any CPU
		{FF15C180-042C-42D9-8687-24F1BEB5F4FB}.Release|Any CPU.Build.0 = Release|Any CPU
		{D1C5763C-DA9C-43E0-B7EA-DDC9AAA90AE7}.Debug|Any CPU.ActiveCfg = Debug|Any CPU
		{D1C5763C-DA9C-43E0-B7EA-DDC9AAA90AE7}.Debug|Any CPU.Build.0 = Debug|Any CPU
		{D1C5763C-DA9C-43E0-B7EA-DDC9AAA90AE7}.Release|Any CPU.ActiveCfg = Release|Any CPU
		{D1C5763C-DA9C-43E0-B7EA-DDC9AAA90AE7}.Release|Any CPU.Build.0 = Release|Any CPU
		{A1B2C3D4-E5F6-7890-ABCD-EF1234567890}.Debug|Any CPU.ActiveCfg = Debug|Any CPU
		{A1B2C3D4-E5F6-7890-ABCD-EF1234567890}.Debug|Any CPU.Build.0 = Debug|Any CPU
		{A1B2C3D4-E5F6-7890-ABCD-EF1234567890}.Release|Any CPU.ActiveCfg = Release|Any CPU
		{A1B2C3D4-E5F6-7890-ABCD-EF1234567890}.Release|Any CPU.Build.0 = Release|Any CPU
		{D1CF3283-A165-477B-A08A-BEBFCD7A7712}.Debug|Any CPU.ActiveCfg = Debug|Any CPU
		{D1CF3283-A165-477B-A08A-BEBFCD7A7712}.Debug|Any CPU.Build.0 = Debug|Any CPU
		{D1CF3283-A165-477B-A08A-BEBFCD7A7712}.Release|Any CPU.ActiveCfg = Release|Any CPU
		{D1CF3283-A165-477B-A08A-BEBFCD7A7712}.Release|Any CPU.Build.0 = Release|Any CPU
		{B2C3D4E5-F6A7-8901-BCDE-F123456789AB}.Debug|Any CPU.ActiveCfg = Debug|Any CPU
		{B2C3D4E5-F6A7-8901-BCDE-F123456789AB}.Debug|Any CPU.Build.0 = Debug|Any CPU
		{B2C3D4E5-F6A7-8901-BCDE-F123456789AB}.Release|Any CPU.ActiveCfg = Release|Any CPU
		{B2C3D4E5-F6A7-8901-BCDE-F123456789AB}.Release|Any CPU.Build.0 = Release|Any CPU
		{C3D4E5F6-A7B8-9012-CDEF-123456789ABC}.Debug|Any CPU.ActiveCfg = Debug|Any CPU
		{C3D4E5F6-A7B8-9012-CDEF-123456789ABC}.Debug|Any CPU.Build.0 = Debug|Any CPU
		{C3D4E5F6-A7B8-9012-CDEF-123456789ABC}.Release|Any CPU.ActiveCfg = Release|Any CPU
		{C3D4E5F6-A7B8-9012-CDEF-123456789ABC}.Release|Any CPU.Build.0 = Release|Any CPU
		{D4E5F6A7-B8C9-0123-DEF1-23456789ABCD}.Debug|Any CPU.ActiveCfg = Debug|Any CPU
		{D4E5F6A7-B8C9-0123-DEF1-23456789ABCD}.Debug|Any CPU.Build.0 = Debug|Any CPU
		{D4E5F6A7-B8C9-0123-DEF1-23456789ABCD}.Release|Any CPU.ActiveCfg = Release|Any CPU
		{D4E5F6A7-B8C9-0123-DEF1-23456789ABCD}.Release|Any CPU.Build.0 = Release|Any CPU
	EndGlobalSection
	GlobalSection(SolutionProperties) = preSolution
		HideSolutionNode = FALSE
	EndGlobalSection
	GlobalSection(NestedProjects) = preSolution
		{FF15C180-042C-42D9-8687-24F1BEB5F4FB} = {9F4FA7B3-9ADD-4601-8EC7-8C9A7BD691C7}
		{D1C5763C-DA9C-43E0-B7EA-DDC9AAA90AE7} = {02EA681E-C7D8-13C7-8484-4AC65E1B71E8}
		{A1B2C3D4-E5F6-7890-ABCD-EF1234567890} = {02EA681E-C7D8-13C7-8484-4AC65E1B71E8}
		{D1CF3283-A165-477B-A08A-BEBFCD7A7712} = {9F4FA7B3-9ADD-4601-8EC7-8C9A7BD691C7}
		{B2C3D4E5-F6A7-8901-BCDE-F123456789AB} = {A1B2C3D4-E5F6-7890-ABCD-EF1234567891}
		{C3D4E5F6-A7B8-9012-CDEF-123456789ABC} = {9F4FA7B3-9ADD-4601-8EC7-8C9A7BD691C7}
		{D4E5F6A7-B8C9-0123-DEF1-23456789ABCD} = {1EBF655C-A427-41E1-8BFC-6A2429B7EF6E}
	EndGlobalSection
	GlobalSection(ExtensibilityGlobals) = postSolution
		SolutionGuid = {F32EE165-3408-4FBD-9AA5-03E9FD4C9AC0}
	EndGlobalSection
EndGlobal
